
Microsoft Visual Studio Solution File, Format Version 12.00
# Visual Studio Version 17
VisualStudioVersion = 17.0.31903.59
MinimumVisualStudioVersion = 10.0.40219.1
Project("{FAE04EC0-301F-11D3-BF4B-00C04F79EFBC}") = "AvaloniaMcp", "AvaloniaMcp\AvaloniaMcp.csproj", "{3A411EB7-F8F0-45D7-96B7-454C403DCCE3}"
EndProject
Project("{2150E333-8FDC-42A3-9474-1A3956D46DE8}") = "samples", "samples", "{5D20AA90-6969-D8BD-9DCD-8634F4692FDA}"
EndProject
Project("{FAE04EC0-301F-11D3-BF4B-00C04F79EFBC}") = "AvaloniaMcp.Demo", "samples\AvaloniaMcp.Demo\AvaloniaMcp.Demo.csproj", "{6CA2DEC0-D841-4127-89FE-AAD75A75EF5E}"
EndProject
Project("{2150E333-8FDC-42A3-9474-1A3956D46DE8}") = "tests", "tests", "{0AB3BF05-4346-4AA6-1389-037BE0695223}"
EndProject
Project("{FAE04EC0-301F-11D3-BF4B-00C04F79EFBC}") = "AvaloniaMcp.Tests", "tests\AvaloniaMcp.Tests\AvaloniaMcp.Tests.csproj", "{AC958A90-2AB4-482F-A83B-AD23E080B425}"
EndProject
Project("{FAE04EC0-301F-11D3-BF4B-00C04F79EFBC}") = "AvaloniaMcp.Core", "AvaloniaMcp.Core\AvaloniaMcp.Core.csproj", "{97BC6C05-0FB9-48DC-8B9D-AA8A52A5CCEE}"
EndProject
Project("{FAE04EC0-301F-11D3-BF4B-00C04F79EFBC}") = "AvaloniaMcp.Protocol", "AvaloniaMcp.Protocol\AvaloniaMcp.Protocol.csproj", "{60822FF4-948E-4C94-AF26-7E80BA65A7D1}"
EndProject
Project("{FAE04EC0-301F-11D3-BF4B-00C04F79EFBC}") = "AvaloniaMcp.Protocol.Tests", "tests\AvaloniaMcp.Protocol.Tests\AvaloniaMcp.Protocol.Tests.csproj", "{D7E4C1A2-9B3F-4E6A-8C2D-1F5B7A9E0C34}"
EndProject
Project("{FAE04EC0-301F-11D3-BF4B-00C04F79EFBC}") = "AvaloniaMcp.Client", "AvaloniaMcp.Client\AvaloniaMcp.Client.csproj", "{0B6713D9-AC0D-480A-BE76-9B935E09C9F7}"
EndProject
Project("{FAE04EC0-301F-11D3-BF4B-00C04F79EFBC}") = "AvaloniaMcp.Hub", "AvaloniaMcp.Hub\AvaloniaMcp.Hub.csproj", "{E8C2138B-A1FE-4692-A760-D97C5379E393}"
EndProject
Project("{FAE04EC0-301F-11D3-BF4B-00C04F79EFBC}") = "AvaloniaMcp.Connect", "AvaloniaMcp.Connect\AvaloniaMcp.Connect.csproj", "{E6AE7B6D-E780-44D2-87D2-D261DEFF4F17}"
EndProject
Project("{FAE04EC0-301F-11D3-BF4B-00C04F79EFBC}") = "AvaloniaMcp.Broker.Tests", "tests\AvaloniaMcp.Broker.Tests\AvaloniaMcp.Broker.Tests.csproj", "{4A833DCE-1FCF-4802-AB26-C09F564D6740}"
EndProject
Global
	GlobalSection(SolutionConfigurationPlatforms) = preSolution
		Debug|Any CPU = Debug|Any CPU
		Debug|x64 = Debug|x64
		Debug|x86 = Debug|x86
		Release|Any CPU = Release|Any CPU
		Release|x64 = Release|x64
		Release|x86 = Release|x86
	EndGlobalSection
	GlobalSection(ProjectConfigurationPlatforms) = postSolution
		{3A411EB7-F8F0-45D7-96B7-454C403DCCE3}.Debug|Any CPU.ActiveCfg = Debug|Any CPU
		{3A411EB7-F8F0-45D7-96B7-454C403DCCE3}.Debug|Any CPU.Build.0 = Debug|Any CPU
		{3A411EB7-F8F0-45D7-96B7-454C403DCCE3}.Debug|x64.ActiveCfg = Debug|Any CPU
		{3A411EB7-F8F0-45D7-96B7-454C403DCCE3}.Debug|x64.Build.0 = Debug|Any CPU
		{3A411EB7-F8F0-45D7-96B7-454C403DCCE3}.Debug|x86.ActiveCfg = Debug|Any CPU
		{3A411EB7-F8F0-45D7-96B7-454C403DCCE3}.Debug|x86.Build.0 = Debug|Any CPU
		{3A411EB7-F8F0-45D7-96B7-454C403DCCE3}.Release|Any CPU.ActiveCfg = Release|Any CPU
		{3A411EB7-F8F0-45D7-96B7-454C403DCCE3}.Release|Any CPU.Build.0 = Release|Any CPU
		{3A411EB7-F8F0-45D7-96B7-454C403DCCE3}.Release|x64.ActiveCfg = Release|Any CPU
		{3A411EB7-F8F0-45D7-96B7-454C403DCCE3}.Release|x64.Build.0 = Release|Any CPU
		{3A411EB7-F8F0-45D7-96B7-454C403DCCE3}.Release|x86.ActiveCfg = Release|Any CPU
		{3A411EB7-F8F0-45D7-96B7-454C403DCCE3}.Release|x86.Build.0 = Release|Any CPU
		{6CA2DEC0-D841-4127-89FE-AAD75A75EF5E}.Debug|Any CPU.ActiveCfg = Debug|Any CPU
		{6CA2DEC0-D841-4127-89FE-AAD75A75EF5E}.Debug|Any CPU.Build.0 = Debug|Any CPU
		{6CA2DEC0-D841-4127-89FE-AAD75A75EF5E}.Debug|x64.ActiveCfg = Debug|Any CPU
		{6CA2DEC0-D841-4127-89FE-AAD75A75EF5E}.Debug|x64.Build.0 = Debug|Any CPU
		{6CA2DEC0-D841-4127-89FE-AAD75A75EF5E}.Debug|x86.ActiveCfg = Debug|Any CPU
		{6CA2DEC0-D841-4127-89FE-AAD75A75EF5E}.Debug|x86.Build.0 = Debug|Any CPU
		{6CA2DEC0-D841-4127-89FE-AAD75A75EF5E}.Release|Any CPU.ActiveCfg = Release|Any CPU
		{6CA2DEC0-D841-4127-89FE-AAD75A75EF5E}.Release|Any CPU.Build.0 = Release|Any CPU
		{6CA2DEC0-D841-4127-89FE-AAD75A75EF5E}.Release|x64.ActiveCfg = Release|Any CPU
		{6CA2DEC0-D841-4127-89FE-AAD75A75EF5E}.Release|x64.Build.0 = Release|Any CPU
		{6CA2DEC0-D841-4127-89FE-AAD75A75EF5E}.Release|x86.ActiveCfg = Release|Any CPU
		{6CA2DEC0-D841-4127-89FE-AAD75A75EF5E}.Release|x86.Build.0 = Release|Any CPU
		{AC958A90-2AB4-482F-A83B-AD23E080B425}.Debug|Any CPU.ActiveCfg = Debug|Any CPU
		{AC958A90-2AB4-482F-A83B-AD23E080B425}.Debug|Any CPU.Build.0 = Debug|Any CPU
		{AC958A90-2AB4-482F-A83B-AD23E080B425}.Debug|x64.ActiveCfg = Debug|Any CPU
		{AC958A90-2AB4-482F-A83B-AD23E080B425}.Debug|x64.Build.0 = Debug|Any CPU
		{AC958A90-2AB4-482F-A83B-AD23E080B425}.Debug|x86.ActiveCfg = Debug|Any CPU
		{AC958A90-2AB4-482F-A83B-AD23E080B425}.Debug|x86.Build.0 = Debug|Any CPU
		{AC958A90-2AB4-482F-A83B-AD23E080B425}.Release|Any CPU.ActiveCfg = Release|Any CPU
		{AC958A90-2AB4-482F-A83B-AD23E080B425}.Release|Any CPU.Build.0 = Release|Any CPU
		{AC958A90-2AB4-482F-A83B-AD23E080B425}.Release|x64.ActiveCfg = Release|Any CPU
		{AC958A90-2AB4-482F-A83B-AD23E080B425}.Release|x64.Build.0 = Release|Any CPU
		{AC958A90-2AB4-482F-A83B-AD23E080B425}.Release|x86.ActiveCfg = Release|Any CPU
		{AC958A90-2AB4-482F-A83B-AD23E080B425}.Release|x86.Build.0 = Release|Any CPU
		{97BC6C05-0FB9-48DC-8B9D-AA8A52A5CCEE}.Debug|Any CPU.ActiveCfg = Debug|Any CPU
		{97BC6C05-0FB9-48DC-8B9D-AA8A52A5CCEE}.Debug|Any CPU.Build.0 = Debug|Any CPU
		{97BC6C05-0FB9-48DC-8B9D-AA8A52A5CCEE}.Debug|x64.ActiveCfg = Debug|Any CPU
		{97BC6C05-0FB9-48DC-8B9D-AA8A52A5CCEE}.Debug|x64.Build.0 = Debug|Any CPU
		{97BC6C05-0FB9-48DC-8B9D-AA8A52A5CCEE}.Debug|x86.ActiveCfg = Debug|Any CPU
		{97BC6C05-0FB9-48DC-8B9D-AA8A52A5CCEE}.Debug|x86.Build.0 = Debug|Any CPU
		{97BC6C05-0FB9-48DC-8B9D-AA8A52A5CCEE}.Release|Any CPU.ActiveCfg = Release|Any CPU
		{97BC6C05-0FB9-48DC-8B9D-AA8A52A5CCEE}.Release|Any CPU.Build.0 = Release|Any CPU
		{97BC6C05-0FB9-48DC-8B9D-AA8A52A5CCEE}.Release|x64.ActiveCfg = Release|Any CPU
		{97BC6C05-0FB9-48DC-8B9D-AA8A52A5CCEE}.Release|x64.Build.0 = Release|Any CPU
		{97BC6C05-0FB9-48DC-8B9D-AA8A52A5CCEE}.Release|x86.ActiveCfg = Release|Any CPU
		{97BC6C05-0FB9-48DC-8B9D-AA8A52A5CCEE}.Release|x86.Build.0 = Release|Any CPU
		{60822FF4-948E-4C94-AF26-7E80BA65A7D1}.Debug|Any CPU.ActiveCfg = Debug|Any CPU
		{60822FF4-948E-4C94-AF26-7E80BA65A7D1}.Debug|Any CPU.Build.0 = Debug|Any CPU
		{60822FF4-948E-4C94-AF26-7E80BA65A7D1}.Debug|x64.ActiveCfg = Debug|Any CPU
		{60822FF4-948E-4C94-AF26-7E80BA65A7D1}.Debug|x64.Build.0 = Debug|Any CPU
		{60822FF4-948E-4C94-AF26-7E80BA65A7D1}.Debug|x86.ActiveCfg = Debug|Any CPU
		{60822FF4-948E-4C94-AF26-7E80BA65A7D1}.Debug|x86.Build.0 = Debug|Any CPU
		{60822FF4-948E-4C94-AF26-7E80BA65A7D1}.Release|Any CPU.ActiveCfg = Release|Any CPU
		{60822FF4-948E-4C94-AF26-7E80BA65A7D1}.Release|Any CPU.Build.0 = Release|Any CPU
		{60822FF4-948E-4C94-AF26-7E80BA65A7D1}.Release|x64.ActiveCfg = Release|Any CPU
		{60822FF4-948E-4C94-AF26-7E80BA65A7D1}.Release|x64.Build.0 = Release|Any CPU
		{60822FF4-948E-4C94-AF26-7E80BA65A7D1}.Release|x86.ActiveCfg = Release|Any CPU
		{60822FF4-948E-4C94-AF26-7E80BA65A7D1}.Release|x86.Build.0 = Release|Any CPU
		{D7E4C1A2-9B3F-4E6A-8C2D-1F5B7A9E0C34}.Debug|Any CPU.ActiveCfg = Debug|Any CPU
		{D7E4C1A2-9B3F-4E6A-8C2D-1F5B7A9E0C34}.Debug|Any CPU.Build.0 = Debug|Any CPU
		{D7E4C1A2-9B3F-4E6A-8C2D-1F5B7A9E0C34}.Debug|x64.ActiveCfg = Debug|Any CPU
		{D7E4C1A2-9B3F-4E6A-8C2D-1F5B7A9E0C34}.Debug|x64.Build.0 = Debug|Any CPU
		{D7E4C1A2-9B3F-4E6A-8C2D-1F5B7A9E0C34}.Debug|x86.ActiveCfg = Debug|Any CPU
		{D7E4C1A2-9B3F-4E6A-8C2D-1F5B7A9E0C34}.Debug|x86.Build.0 = Debug|Any CPU
		{D7E4C1A2-9B3F-4E6A-8C2D-1F5B7A9E0C34}.Release|Any CPU.ActiveCfg = Release|Any CPU
		{D7E4C1A2-9B3F-4E6A-8C2D-1F5B7A9E0C34}.Release|Any CPU.Build.0 = Release|Any CPU
		{D7E4C1A2-9B3F-4E6A-8C2D-1F5B7A9E0C34}.Release|x64.ActiveCfg = Release|Any CPU
		{D7E4C1A2-9B3F-4E6A-8C2D-1F5B7A9E0C34}.Release|x64.Build.0 = Release|Any CPU
		{D7E4C1A2-9B3F-4E6A-8C2D-1F5B7A9E0C34}.Release|x86.ActiveCfg = Release|Any CPU
		{D7E4C1A2-9B3F-4E6A-8C2D-1F5B7A9E0C34}.Release|x86.Build.0 = Release|Any CPU
		{0B6713D9-AC0D-480A-BE76-9B935E09C9F7}.Debug|Any CPU.ActiveCfg = Debug|Any CPU
		{0B6713D9-AC0D-480A-BE76-9B935E09C9F7}.Debug|Any CPU.Build.0 = Debug|Any CPU
		{0B6713D9-AC0D-480A-BE76-9B935E09C9F7}.Debug|x64.ActiveCfg = Debug|Any CPU
		{0B6713D9-AC0D-480A-BE76-9B935E09C9F7}.Debug|x64.Build.0 = Debug|Any CPU
		{0B6713D9-AC0D-480A-BE76-9B935E09C9F7}.Debug|x86.ActiveCfg = Debug|Any CPU
		{0B6713D9-AC0D-480A-BE76-9B935E09C9F7}.Debug|x86.Build.0 = Debug|Any CPU
		{0B6713D9-AC0D-480A-BE76-9B935E09C9F7}.Release|Any CPU.ActiveCfg = Release|Any CPU
		{0B6713D9-AC0D-480A-BE76-9B935E09C9F7}.Release|Any CPU.Build.0 = Release|Any CPU
		{0B6713D9-AC0D-480A-BE76-9B935E09C9F7}.Release|x64.ActiveCfg = Release|Any CPU
		{0B6713D9-AC0D-480A-BE76-9B935E09C9F7}.Release|x64.Build.0 = Release|Any CPU
		{0B6713D9-AC0D-480A-BE76-9B935E09C9F7}.Release|x86.ActiveCfg = Release|Any CPU
		{0B6713D9-AC0D-480A-BE76-9B935E09C9F7}.Release|x86.Build.0 = Release|Any CPU
		{E8C2138B-A1FE-4692-A760-D97C5379E393}.Debug|Any CPU.ActiveCfg = Debug|Any CPU
		{E8C2138B-A1FE-4692-A760-D97C5379E393}.Debug|Any CPU.Build.0 = Debug|Any CPU
		{E8C2138B-A1FE-4692-A760-D97C5379E393}.Debug|x64.ActiveCfg = Debug|Any CPU
		{E8C2138B-A1FE-4692-A760-D97C5379E393}.Debug|x64.Build.0 = Debug|Any CPU
		{E8C2138B-A1FE-4692-A760-D97C5379E393}.Debug|x86.ActiveCfg = Debug|Any CPU
		{E8C2138B-A1FE-4692-A760-D97C5379E393}.Debug|x86.Build.0 = Debug|Any CPU
		{E8C2138B-A1FE-4692-A760-D97C5379E393}.Release|Any CPU.ActiveCfg = Release|Any CPU
		{E8C2138B-A1FE-4692-A760-D97C5379E393}.Release|Any CPU.Build.0 = Release|Any CPU
		{E8C2138B-A1FE-4692-A760-D97C5379E393}.Release|x64.ActiveCfg = Release|Any CPU
		{E8C2138B-A1FE-4692-A760-D97C5379E393}.Release|x64.Build.0 = Release|Any CPU
		{E8C2138B-A1FE-4692-A760-D97C5379E393}.Release|x86.ActiveCfg = Release|Any CPU
		{E8C2138B-A1FE-4692-A760-D97C5379E393}.Release|x86.Build.0 = Release|Any CPU
		{E6AE7B6D-E780-44D2-87D2-D261DEFF4F17}.Debug|Any CPU.ActiveCfg = Debug|Any CPU
		{E6AE7B6D-E780-44D2-87D2-D261DEFF4F17}.Debug|Any CPU.Build.0 = Debug|Any CPU
		{E6AE7B6D-E780-44D2-87D2-D261DEFF4F17}.Debug|x64.ActiveCfg = Debug|Any CPU
		{E6AE7B6D-E780-44D2-87D2-D261DEFF4F17}.Debug|x64.Build.0 = Debug|Any CPU
		{E6AE7B6D-E780-44D2-87D2-D261DEFF4F17}.Debug|x86.ActiveCfg = Debug|Any CPU
		{E6AE7B6D-E780-44D2-87D2-D261DEFF4F17}.Debug|x86.Build.0 = Debug|Any CPU
		{E6AE7B6D-E780-44D2-87D2-D261DEFF4F17}.Release|Any CPU.ActiveCfg = Release|Any CPU
		{E6AE7B6D-E780-44D2-87D2-D261DEFF4F17}.Release|Any CPU.Build.0 = Release|Any CPU
		{E6AE7B6D-E780-44D2-87D2-D261DEFF4F17}.Release|x64.ActiveCfg = Release|Any CPU
		{E6AE7B6D-E780-44D2-87D2-D261DEFF4F17}.Release|x64.Build.0 = Release|Any CPU
		{E6AE7B6D-E780-44D2-87D2-D261DEFF4F17}.Release|x86.ActiveCfg = Release|Any CPU
		{E6AE7B6D-E780-44D2-87D2-D261DEFF4F17}.Release|x86.Build.0 = Release|Any CPU
		{4A833DCE-1FCF-4802-AB26-C09F564D6740}.Debug|Any CPU.ActiveCfg = Debug|Any CPU
		{4A833DCE-1FCF-4802-AB26-C09F564D6740}.Debug|Any CPU.Build.0 = Debug|Any CPU
		{4A833DCE-1FCF-4802-AB26-C09F564D6740}.Debug|x64.ActiveCfg = Debug|Any CPU
		{4A833DCE-1FCF-4802-AB26-C09F564D6740}.Debug|x64.Build.0 = Debug|Any CPU
		{4A833DCE-1FCF-4802-AB26-C09F564D6740}.Debug|x86.ActiveCfg = Debug|Any CPU
		{4A833DCE-1FCF-4802-AB26-C09F564D6740}.Debug|x86.Build.0 = Debug|Any CPU
		{4A833DCE-1FCF-4802-AB26-C09F564D6740}.Release|Any CPU.ActiveCfg = Release|Any CPU
		{4A833DCE-1FCF-4802-AB26-C09F564D6740}.Release|Any CPU.Build.0 = Release|Any CPU
		{4A833DCE-1FCF-4802-AB26-C09F564D6740}.Release|x64.ActiveCfg = Release|Any CPU
		{4A833DCE-1FCF-4802-AB26-C09F564D6740}.Release|x64.Build.0 = Release|Any CPU
		{4A833DCE-1FCF-4802-AB26-C09F564D6740}.Release|x86.ActiveCfg = Release|Any CPU
		{4A833DCE-1FCF-4802-AB26-C09F564D6740}.Release|x86.Build.0 = Release|Any CPU
	EndGlobalSection
	GlobalSection(SolutionProperties) = preSolution
		HideSolutionNode = FALSE
	EndGlobalSection
	GlobalSection(NestedProjects) = preSolution
		{6CA2DEC0-D841-4127-89FE-AAD75A75EF5E} = {5D20AA90-6969-D8BD-9DCD-8634F4692FDA}
		{AC958A90-2AB4-482F-A83B-AD23E080B425} = {0AB3BF05-4346-4AA6-1389-037BE0695223}
		{D7E4C1A2-9B3F-4E6A-8C2D-1F5B7A9E0C34} = {0AB3BF05-4346-4AA6-1389-037BE0695223}
		{4A833DCE-1FCF-4802-AB26-C09F564D6740} = {0AB3BF05-4346-4AA6-1389-037BE0695223}
	EndGlobalSection
EndGlobal
